
Microsoft Visual Studio Solution File, Format Version 12.00
Project("{FAE04EC0-301F-11D3-BF4B-00C04F79EFBC}") = "SeedGeneration", "SeedGeneration\SeedGeneration.csproj", "{6F8DA7FE-A209-4D8E-B87E-883ADBA20875}"
EndProject
Project("{FAE04EC0-301F-11D3-BF4B-00C04F79EFBC}") = "LoadTest", "LoadTest\LoadTest.csproj", "{1BD1DDD5-5661-4924-B4E3-02E6891AA286}"
EndProject
Project("{FAE04EC0-301F-11D3-BF4B-00C04F79EFBC}") = "AppHost", "AppHost\AppHost.csproj", "{53B52D1D-6939-4B86-8459-A540A120FBDA}"
EndProject
Project("{FAE04EC0-301F-11D3-BF4B-00C04F79EFBC}") = "ServiceDefaults", "ServiceDefaults\ServiceDefaults.csproj", "{06AE058B-B4DD-4D9B-955A-B7577D7037EA}"
EndProject
Global
	GlobalSection(SolutionConfigurationPlatforms) = preSolution
		Debug|Any CPU = Debug|Any CPU
		Release|Any CPU = Release|Any CPU
	EndGlobalSection
	GlobalSection(ProjectConfigurationPlatforms) = postSolution
		{6F8DA7FE-A209-4D8E-B87E-883ADBA20875}.Debug|Any CPU.ActiveCfg = Debug|Any CPU
		{6F8DA7FE-A209-4D8E-B87E-883ADBA20875}.Debug|Any CPU.Build.0 = Debug|Any CPU
		{6F8DA7FE-A209-4D8E-B87E-883ADBA20875}.Release|Any CPU.ActiveCfg = Release|Any CPU
		{6F8DA7FE-A209-4D8E-B87E-883ADBA20875}.Release|Any CPU.Build.0 = Release|Any CPU
		{1BD1DDD5-5661-4924-B4E3-02E6891AA286}.Debug|Any CPU.ActiveCfg = Debug|Any CPU
		{1BD1DDD5-5661-4924-B4E3-02E6891AA286}.Debug|Any CPU.Build.0 = Debug|Any CPU
		{1BD1DDD5-5661-4924-B4E3-02E6891AA286}.Release|Any CPU.ActiveCfg = Release|Any CPU
		{1BD1DDD5-5661-4924-B4E3-02E6891AA286}.Release|Any CPU.Build.0 = Release|Any CPU
		{53B52D1D-6939-4B86-8459-A540A120FBDA}.Debug|Any CPU.ActiveCfg = Debug|Any CPU
		{53B52D1D-6939-4B86-8459-A540A120FBDA}.Debug|Any CPU.Build.0 = Debug|Any CPU
		{53B52D1D-6939-4B86-8459-A540A120FBDA}.Release|Any CPU.ActiveCfg = Release|Any CPU
		{53B52D1D-6939-4B86-8459-A540A120FBDA}.Release|Any CPU.Build.0 = Release|Any CPU
		{06AE058B-B4DD-4D9B-955A-B7577D7037EA}.Debug|Any CPU.ActiveCfg = Debug|Any CPU
		{06AE058B-B4DD-4D9B-955A-B7577D7037EA}.Debug|Any CPU.Build.0 = Debug|Any CPU
		{06AE058B-B4DD-4D9B-955A-B7577D7037EA}.Release|Any CPU.ActiveCfg = Release|Any CPU
		{06AE058B-B4DD-4D9B-955A-B7577D7037EA}.Release|Any CPU.Build.0 = Release|Any CPU
	EndGlobalSection
EndGlobal
